{
	"requires": true,
	"lockfileVersion": 1,
	"dependencies": {
		"@types/acorn": {
			"version": "4.0.3",
			"resolved": "https://registry.npmjs.org/@types/acorn/-/acorn-4.0.3.tgz",
			"integrity": "sha512-gou/kWQkGPMZjdCKNZGDpqxLm9+ErG/pFZKPX4tvCjr0Xf4FCYYX3nAsu7aDVKJV3KUe27+mvqqyWT/9VZoM/A==",
			"dev": true,
			"requires": {
				"@types/estree": "0.0.39"
			}
		},
		"@types/estree": {
			"version": "0.0.39",
			"resolved": "https://registry.npmjs.org/@types/estree/-/estree-0.0.39.tgz",
			"integrity": "sha512-EYNwp3bU+98cpU4lAWYYL7Zz+2gryWH1qbdDTidVd6hkiR6weksdbMadyXKXNPEkQFhXM+hVO9ZygomHXp+AIw==",
			"dev": true
		},
		"@types/jest": {
			"version": "23.3.2",
			"resolved": "https://registry.npmjs.org/@types/jest/-/jest-23.3.2.tgz",
			"integrity": "sha512-D1xlXHZpDonVX+VJ28XtcD5xlu8ex6Fc4cQNnrm2wJvlQnbec9RedhCrhQr6kRAE9XWHSec+JPuTmqJ9jC0qsA==",
			"dev": true
		},
		"acorn": {
			"version": "5.7.2",
			"resolved": "https://registry.npmjs.org/acorn/-/acorn-5.7.2.tgz",
			"integrity": "sha512-cJrKCNcr2kv8dlDnbw+JPUGjHZzo4myaxOLmpOX8a+rgX94YeTcTMv/LFJUSByRpc+i4GgVnnhLxvMu/2Y+rqw==",
			"dev": true
		},
		"closest-file-data": {
			"version": "0.1.4",
			"resolved": "https://registry.npmjs.org/closest-file-data/-/closest-file-data-0.1.4.tgz",
			"integrity": "sha1-l1+HwTLymdJKA3W59jyj+4j3Kzo=",
			"dev": true
		},
		"fs-extra": {
			"version": "6.0.1",
			"resolved": "https://registry.npmjs.org/fs-extra/-/fs-extra-6.0.1.tgz",
			"integrity": "sha512-GnyIkKhhzXZUWFCaJzvyDLEEgDkPfb4/TPvJCJVuS8MWZgoSsErf++QpiAlDnKFcqhRlm+tIOcencCjyJE6ZCA==",
			"dev": true,
			"requires": {
				"graceful-fs": "4.1.11",
				"jsonfile": "4.0.0",
				"universalify": "0.1.2"
			}
		},
		"graceful-fs": {
			"version": "4.1.11",
			"resolved": "https://registry.npmjs.org/graceful-fs/-/graceful-fs-4.1.11.tgz",
			"integrity": "sha1-Dovf5NHduIVNZOBOp8AOKgJuVlg=",
			"dev": true
		},
		"json5": {
			"version": "0.5.1",
			"resolved": "https://registry.npmjs.org/json5/-/json5-0.5.1.tgz",
			"integrity": "sha1-Hq3nrMASA0rYTiOWdn6tn6VJWCE=",
			"dev": true
		},
		"jsonfile": {
			"version": "4.0.0",
			"resolved": "https://registry.npmjs.org/jsonfile/-/jsonfile-4.0.0.tgz",
			"integrity": "sha1-h3Gq4HmbZAdrdmQPygWPnBDjPss=",
			"dev": true,
			"requires": {
				"graceful-fs": "4.1.11"
			}
		},
		"lodash": {
			"version": "4.17.10",
			"resolved": "https://registry.npmjs.org/lodash/-/lodash-4.17.10.tgz",
			"integrity": "sha512-UejweD1pDoXu+AD825lWwp4ZGtSwgnpZxb3JDViD7StjQz+Nb/6l093lx4OQ0foGWNRoc19mWy7BzL+UAK2iVg==",
			"dev": true
		},
		"ts-jest": {
			"version": "23.1.4",
			"resolved": "https://registry.npmjs.org/ts-jest/-/ts-jest-23.1.4.tgz",
			"integrity": "sha512-9rCSxbWfoZxxeXnSoEIzRNr9hDIQ8iEJAWmSRsWhDHDT8OeuGfURhJQUE8jtJlkyEygs6rngH8RYtHz9cfjmEA==",
			"dev": true,
			"requires": {
				"closest-file-data": "0.1.4",
				"fs-extra": "6.0.1",
				"json5": "0.5.1",
				"lodash": "4.17.10"
			}
		},
		"typescript": {
			"version": "3.0.3",
			"resolved": "https://registry.npmjs.org/typescript/-/typescript-3.0.3.tgz",
			"integrity": "sha512-kk80vLW9iGtjMnIv11qyxLqZm20UklzuR2tL0QAnDIygIUIemcZMxlMWudl9OOt76H3ntVzcTiddQ1/pAAJMYg==",
			"dev": true
		},
		"universalify": {
			"version": "0.1.2",
			"resolved": "https://registry.npmjs.org/universalify/-/universalify-0.1.2.tgz",
			"integrity": "sha512-rBJeI5CXAlmy1pV+617WB9J63U6XcazHHF2f2dbJix4XzpUF0RS3Zbj0FGIOCAva5P/d/GBOYaACQ1w+0azUkg==",
			"dev": true
		}
	}
}
